
Microsoft Visual Studio Solution File, Format Version 12.00
# Visual Studio Version 17
VisualStudioVersion = 17.14.36511.14 d17.14
MinimumVisualStudioVersion = 10.0.40219.1
Project("{FAE04EC0-301F-11D3-BF4B-00C04F79EFBC}") = "Tugas1_Alfa_Rizqi_X_PPLG_2", "Tugas1_Alfa_Rizqi_X_PPLG_2\Tugas1_Alfa_Rizqi_X_PPLG_2.csproj", "{8F4115F3-1DCF-4034-8CE9-000D971A68D6}"
EndProject
Global
	GlobalSection(SolutionConfigurationPlatforms) = preSolution
		Debug|Any CPU = Debug|Any CPU
		Release|Any CPU = Release|Any CPU
	EndGlobalSection
	GlobalSection(ProjectConfigurationPlatforms) = postSolution
		{8F4115F3-1DCF-4034-8CE9-000D971A68D6}.Debug|Any CPU.ActiveCfg = Debug|Any CPU
		{8F4115F3-1DCF-4034-8CE9-000D971A68D6}.Debug|Any CPU.Build.0 = Debug|Any CPU
		{8F4115F3-1DCF-4034-8CE9-000D971A68D6}.Release|Any CPU.ActiveCfg = Release|Any CPU
		{8F4115F3-1DCF-4034-8CE9-000D971A68D6}.Release|Any CPU.Build.0 = Release|Any CPU
	EndGlobalSection
	GlobalSection(SolutionProperties) = preSolution
		HideSolutionNode = FALSE
	EndGlobalSection
	GlobalSection(ExtensibilityGlobals) = postSolution
		SolutionGuid = {3B94AF89-1325-4172-A36F-0E3515693554}
	EndGlobalSection
EndGlobal
