
Microsoft Visual Studio Solution File, Format Version 12.00
# Visual Studio Version 17
VisualStudioVersion = 17.14.36511.14 d17.14
MinimumVisualStudioVersion = 10.0.40219.1
Project("{FAE04EC0-301F-11D3-BF4B-00C04F79EFBC}") = "Praktik6.3_Alfa_Rizqi_X_PPLG_2", "Praktik6.3_Alfa_Rizqi_X_PPLG_2\Praktik6.3_Alfa_Rizqi_X_PPLG_2.csproj", "{0B7F30B6-6C58-449B-8367-76EDB7AE628A}"
EndProject
Global
	GlobalSection(SolutionConfigurationPlatforms) = preSolution
		Debug|Any CPU = Debug|Any CPU
		Release|Any CPU = Release|Any CPU
	EndGlobalSection
	GlobalSection(ProjectConfigurationPlatforms) = postSolution
		{0B7F30B6-6C58-449B-8367-76EDB7AE628A}.Debug|Any CPU.ActiveCfg = Debug|Any CPU
		{0B7F30B6-6C58-449B-8367-76EDB7AE628A}.Debug|Any CPU.Build.0 = Debug|Any CPU
		{0B7F30B6-6C58-449B-8367-76EDB7AE628A}.Release|Any CPU.ActiveCfg = Release|Any CPU
		{0B7F30B6-6C58-449B-8367-76EDB7AE628A}.Release|Any CPU.Build.0 = Release|Any CPU
	EndGlobalSection
	GlobalSection(SolutionProperties) = preSolution
		HideSolutionNode = FALSE
	EndGlobalSection
	GlobalSection(ExtensibilityGlobals) = postSolution
		SolutionGuid = {F373975F-7B30-483C-ADD0-0F57B4D43DDE}
	EndGlobalSection
EndGlobal
