
Microsoft Visual Studio Solution File, Format Version 12.00
# Visual Studio Version 17
VisualStudioVersion = 17.14.36511.14 d17.14
MinimumVisualStudioVersion = 10.0.40219.1
Project("{FAE04EC0-301F-11D3-BF4B-00C04F79EFBC}") = "Praktik5.1_Alfa_Rizqi_X_PPLG_2", "Praktik5.1_Alfa_Rizqi_X_PPLG_2\Praktik5.1_Alfa_Rizqi_X_PPLG_2.csproj", "{3860D6D2-E3A0-4DD0-9FA0-5517A184BACF}"
EndProject
Global
	GlobalSection(SolutionConfigurationPlatforms) = preSolution
		Debug|Any CPU = Debug|Any CPU
		Release|Any CPU = Release|Any CPU
	EndGlobalSection
	GlobalSection(ProjectConfigurationPlatforms) = postSolution
		{3860D6D2-E3A0-4DD0-9FA0-5517A184BACF}.Debug|Any CPU.ActiveCfg = Debug|Any CPU
		{3860D6D2-E3A0-4DD0-9FA0-5517A184BACF}.Debug|Any CPU.Build.0 = Debug|Any CPU
		{3860D6D2-E3A0-4DD0-9FA0-5517A184BACF}.Release|Any CPU.ActiveCfg = Release|Any CPU
		{3860D6D2-E3A0-4DD0-9FA0-5517A184BACF}.Release|Any CPU.Build.0 = Release|Any CPU
	EndGlobalSection
	GlobalSection(SolutionProperties) = preSolution
		HideSolutionNode = FALSE
	EndGlobalSection
	GlobalSection(ExtensibilityGlobals) = postSolution
		SolutionGuid = {37BD3AD9-F295-440B-ADF7-AFB22EE76AA6}
	EndGlobalSection
EndGlobal
