
Microsoft Visual Studio Solution File, Format Version 12.00
# Visual Studio Version 17
VisualStudioVersion = 17.14.36511.14 d17.14
MinimumVisualStudioVersion = 10.0.40219.1
Project("{FAE04EC0-301F-11D3-BF4B-00C04F79EFBC}") = "Praktik6.4_Alfa_Rizqi_X_PPLG_2", "Praktik6.4_Alfa_Rizqi_X_PPLG_2\Praktik6.4_Alfa_Rizqi_X_PPLG_2.csproj", "{7C85037A-CF1D-4182-998F-AA446E811F7B}"
EndProject
Global
	GlobalSection(SolutionConfigurationPlatforms) = preSolution
		Debug|Any CPU = Debug|Any CPU
		Release|Any CPU = Release|Any CPU
	EndGlobalSection
	GlobalSection(ProjectConfigurationPlatforms) = postSolution
		{7C85037A-CF1D-4182-998F-AA446E811F7B}.Debug|Any CPU.ActiveCfg = Debug|Any CPU
		{7C85037A-CF1D-4182-998F-AA446E811F7B}.Debug|Any CPU.Build.0 = Debug|Any CPU
		{7C85037A-CF1D-4182-998F-AA446E811F7B}.Release|Any CPU.ActiveCfg = Release|Any CPU
		{7C85037A-CF1D-4182-998F-AA446E811F7B}.Release|Any CPU.Build.0 = Release|Any CPU
	EndGlobalSection
	GlobalSection(SolutionProperties) = preSolution
		HideSolutionNode = FALSE
	EndGlobalSection
	GlobalSection(ExtensibilityGlobals) = postSolution
		SolutionGuid = {1370B5BF-38B6-48E2-88F5-88A16E80DF59}
	EndGlobalSection
EndGlobal
