
Microsoft Visual Studio Solution File, Format Version 12.00
# Visual Studio Version 17
VisualStudioVersion = 17.14.36511.14 d17.14
MinimumVisualStudioVersion = 10.0.40219.1
Project("{FAE04EC0-301F-11D3-BF4B-00C04F79EFBC}") = "Praktik7_Hitung_Luas_Alfa_Rizqi_X_PPLG_2", "Praktik7_Hitung_Luas_Alfa_Rizqi_X_PPLG_2\Praktik7_Hitung_Luas_Alfa_Rizqi_X_PPLG_2.csproj", "{19C52E58-B48D-4A25-A9A1-CFD2EBD85290}"
EndProject
Global
	GlobalSection(SolutionConfigurationPlatforms) = preSolution
		Debug|Any CPU = Debug|Any CPU
		Release|Any CPU = Release|Any CPU
	EndGlobalSection
	GlobalSection(ProjectConfigurationPlatforms) = postSolution
		{19C52E58-B48D-4A25-A9A1-CFD2EBD85290}.Debug|Any CPU.ActiveCfg = Debug|Any CPU
		{19C52E58-B48D-4A25-A9A1-CFD2EBD85290}.Debug|Any CPU.Build.0 = Debug|Any CPU
		{19C52E58-B48D-4A25-A9A1-CFD2EBD85290}.Release|Any CPU.ActiveCfg = Release|Any CPU
		{19C52E58-B48D-4A25-A9A1-CFD2EBD85290}.Release|Any CPU.Build.0 = Release|Any CPU
	EndGlobalSection
	GlobalSection(SolutionProperties) = preSolution
		HideSolutionNode = FALSE
	EndGlobalSection
	GlobalSection(ExtensibilityGlobals) = postSolution
		SolutionGuid = {1E2F9714-6761-4198-BF58-7992675312E6}
	EndGlobalSection
EndGlobal
