
Microsoft Visual Studio Solution File, Format Version 12.00
# Visual Studio Version 17
VisualStudioVersion = 17.14.36511.14 d17.14
MinimumVisualStudioVersion = 10.0.40219.1
Project("{FAE04EC0-301F-11D3-BF4B-00C04F79EFBC}") = "Praktik5.2_Alfa_Rizqi_X_PPLG_2", "Praktik5.2_Alfa_Rizqi_X_PPLG_2\Praktik5.2_Alfa_Rizqi_X_PPLG_2.csproj", "{8DB6FF3C-0D8A-47B2-9210-CF468C1F1539}"
EndProject
Global
	GlobalSection(SolutionConfigurationPlatforms) = preSolution
		Debug|Any CPU = Debug|Any CPU
		Release|Any CPU = Release|Any CPU
	EndGlobalSection
	GlobalSection(ProjectConfigurationPlatforms) = postSolution
		{8DB6FF3C-0D8A-47B2-9210-CF468C1F1539}.Debug|Any CPU.ActiveCfg = Debug|Any CPU
		{8DB6FF3C-0D8A-47B2-9210-CF468C1F1539}.Debug|Any CPU.Build.0 = Debug|Any CPU
		{8DB6FF3C-0D8A-47B2-9210-CF468C1F1539}.Release|Any CPU.ActiveCfg = Release|Any CPU
		{8DB6FF3C-0D8A-47B2-9210-CF468C1F1539}.Release|Any CPU.Build.0 = Release|Any CPU
	EndGlobalSection
	GlobalSection(SolutionProperties) = preSolution
		HideSolutionNode = FALSE
	EndGlobalSection
	GlobalSection(ExtensibilityGlobals) = postSolution
		SolutionGuid = {F3511ACF-585C-44E2-9227-B92D51B4098F}
	EndGlobalSection
EndGlobal
