
Microsoft Visual Studio Solution File, Format Version 12.00
# Visual Studio Version 17
VisualStudioVersion = 17.14.36511.14 d17.14
MinimumVisualStudioVersion = 10.0.40219.1
Project("{FAE04EC0-301F-11D3-BF4B-00C04F79EFBC}") = "hallodunia", "hallodunia\hallodunia.csproj", "{4ED949B2-3F78-4649-8FE8-C8D8D6614188}"
EndProject
Global
	GlobalSection(SolutionConfigurationPlatforms) = preSolution
		Debug|Any CPU = Debug|Any CPU
		Release|Any CPU = Release|Any CPU
	EndGlobalSection
	GlobalSection(ProjectConfigurationPlatforms) = postSolution
		{4ED949B2-3F78-4649-8FE8-C8D8D6614188}.Debug|Any CPU.ActiveCfg = Debug|Any CPU
		{4ED949B2-3F78-4649-8FE8-C8D8D6614188}.Debug|Any CPU.Build.0 = Debug|Any CPU
		{4ED949B2-3F78-4649-8FE8-C8D8D6614188}.Release|Any CPU.ActiveCfg = Release|Any CPU
		{4ED949B2-3F78-4649-8FE8-C8D8D6614188}.Release|Any CPU.Build.0 = Release|Any CPU
	EndGlobalSection
	GlobalSection(SolutionProperties) = preSolution
		HideSolutionNode = FALSE
	EndGlobalSection
	GlobalSection(ExtensibilityGlobals) = postSolution
		SolutionGuid = {F444CFD2-2BF4-4EEA-9A99-67EEAA9C27EA}
	EndGlobalSection
EndGlobal
